
Microsoft Visual Studio Solution File, Format Version 12.00
# Visual Studio Version 17
VisualStudioVersion = 17.9.34714.143
MinimumVisualStudioVersion = 10.0.40219.1
Project("{2150E333-8FDC-42A3-9474-1A3956D46DE8}") = "Entrada, processamento e saída de dados", "Entrada, processamento e saída de dados", "{D2436E01-3827-45A5-8871-26C0FC75A35F}"
EndProject
Project("{9A19103F-16F7-4668-BE54-9A1E7A4F7556}") = "Exercício1.1", "Exercício1.1\Exercício1.1.csproj", "{AEA46CE9-6C79-415B-9753-847CBB6A11CF}"
EndProject
Project("{FAE04EC0-301F-11D3-BF4B-00C04F79EFBC}") = "Exercício2.1", "Exercício2.1\Exercício2.1.csproj", "{8C0A6B63-D9C5-45DF-A4D0-90484C1A0D36}"
EndProject
Project("{FAE04EC0-301F-11D3-BF4B-00C04F79EFBC}") = "Exercício3.1", "Exercício3.1\Exercício3.1.csproj", "{38F002D1-3A40-4733-9738-7C81C170E41E}"
EndProject
Project("{FAE04EC0-301F-11D3-BF4B-00C04F79EFBC}") = "Exercício4.1", "Exercício4.1\Exercício4.1.csproj", "{5B81B82B-0EE1-434C-B0B4-C1984D5C8422}"
EndProject
Project("{FAE04EC0-301F-11D3-BF4B-00C04F79EFBC}") = "Exercício5.1", "Exercício5.1\Exercício5.1.csproj", "{06500F80-C3B5-422A-A9EA-FC3398C22687}"
EndProject
Project("{FAE04EC0-301F-11D3-BF4B-00C04F79EFBC}") = "Exercício6.1", "Exercício6.1\Exercício6.1.csproj", "{F96CC881-3E3D-44C1-9C36-3A204EB8925F}"
EndProject
Project("{2150E333-8FDC-42A3-9474-1A3956D46DE8}") = "Estruturas de decisão", "Estruturas de decisão", "{042BC1F1-81B5-4340-86E7-3C7CCC6A760F}"
EndProject
Project("{FAE04EC0-301F-11D3-BF4B-00C04F79EFBC}") = "Exercício1.2", "Exercício1.2\Exercício1.2.csproj", "{E1325179-2BC3-4777-BACA-5C6837D0E3EE}"
EndProject
Project("{FAE04EC0-301F-11D3-BF4B-00C04F79EFBC}") = "Exercício2.2", "Exercício2.2\Exercício2.2.csproj", "{73008C38-9C0F-4A7A-AE93-A67B2A9CCD62}"
EndProject
Project("{FAE04EC0-301F-11D3-BF4B-00C04F79EFBC}") = "Exercício3.2", "Exercício3.2\Exercício3.2.csproj", "{929C8499-5872-4DB4-B4EE-FCBEC1EE5F5D}"
EndProject
Project("{FAE04EC0-301F-11D3-BF4B-00C04F79EFBC}") = "Exercício4.2", "Exercício4.2\Exercício4.2.csproj", "{5F7F2310-F038-478F-BB5D-027C9CACEB29}"
EndProject
Project("{FAE04EC0-301F-11D3-BF4B-00C04F79EFBC}") = "Exercício5.2", "Exercício5.2\Exercício5.2.csproj", "{12123D9D-78C8-421A-8059-6447D04BB0CD}"
EndProject
Project("{2150E333-8FDC-42A3-9474-1A3956D46DE8}") = "Estruturas de repetição", "Estruturas de repetição", "{884FC729-3ED8-4AFE-8B51-555618A0C525}"
EndProject
Project("{FAE04EC0-301F-11D3-BF4B-00C04F79EFBC}") = "Exercício1.3", "Exercício1.3\Exercício1.3.csproj", "{7BC8E5E3-A465-428C-B50D-3BB227CA8BAB}"
EndProject
Project("{FAE04EC0-301F-11D3-BF4B-00C04F79EFBC}") = "Exercício2.3", "Exercício2.3\Exercício2.3.csproj", "{239BF34F-7CF2-4084-B421-7AD6A1931A0E}"
EndProject
Project("{FAE04EC0-301F-11D3-BF4B-00C04F79EFBC}") = "Exercício3.3", "Exercício3.3\Exercício3.3.csproj", "{70551D32-44C9-4719-8A9F-1DD6D9484DC5}"
EndProject
Project("{FAE04EC0-301F-11D3-BF4B-00C04F79EFBC}") = "Exercício4.3", "Exercício4.3\Exercício4.3.csproj", "{A1AE7A40-9665-460C-B2C1-8C91EB5E0384}"
EndProject
Project("{FAE04EC0-301F-11D3-BF4B-00C04F79EFBC}") = "Exercício5.3", "Exercício5.3\Exercício5.3.csproj", "{ACEE7D2D-2017-42C1-A44F-F1EF9B278D08}"
EndProject
Global
	GlobalSection(SolutionConfigurationPlatforms) = preSolution
		Debug|Any CPU = Debug|Any CPU
		Release|Any CPU = Release|Any CPU
	EndGlobalSection
	GlobalSection(ProjectConfigurationPlatforms) = postSolution
		{AEA46CE9-6C79-415B-9753-847CBB6A11CF}.Debug|Any CPU.ActiveCfg = Debug|Any CPU
		{AEA46CE9-6C79-415B-9753-847CBB6A11CF}.Debug|Any CPU.Build.0 = Debug|Any CPU
		{AEA46CE9-6C79-415B-9753-847CBB6A11CF}.Release|Any CPU.ActiveCfg = Release|Any CPU
		{AEA46CE9-6C79-415B-9753-847CBB6A11CF}.Release|Any CPU.Build.0 = Release|Any CPU
		{8C0A6B63-D9C5-45DF-A4D0-90484C1A0D36}.Debug|Any CPU.ActiveCfg = Debug|Any CPU
		{8C0A6B63-D9C5-45DF-A4D0-90484C1A0D36}.Debug|Any CPU.Build.0 = Debug|Any CPU
		{8C0A6B63-D9C5-45DF-A4D0-90484C1A0D36}.Release|Any CPU.ActiveCfg = Release|Any CPU
		{8C0A6B63-D9C5-45DF-A4D0-90484C1A0D36}.Release|Any CPU.Build.0 = Release|Any CPU
		{38F002D1-3A40-4733-9738-7C81C170E41E}.Debug|Any CPU.ActiveCfg = Debug|Any CPU
		{38F002D1-3A40-4733-9738-7C81C170E41E}.Debug|Any CPU.Build.0 = Debug|Any CPU
		{38F002D1-3A40-4733-9738-7C81C170E41E}.Release|Any CPU.ActiveCfg = Release|Any CPU
		{38F002D1-3A40-4733-9738-7C81C170E41E}.Release|Any CPU.Build.0 = Release|Any CPU
		{5B81B82B-0EE1-434C-B0B4-C1984D5C8422}.Debug|Any CPU.ActiveCfg = Debug|Any CPU
		{5B81B82B-0EE1-434C-B0B4-C1984D5C8422}.Debug|Any CPU.Build.0 = Debug|Any CPU
		{5B81B82B-0EE1-434C-B0B4-C1984D5C8422}.Release|Any CPU.ActiveCfg = Release|Any CPU
		{5B81B82B-0EE1-434C-B0B4-C1984D5C8422}.Release|Any CPU.Build.0 = Release|Any CPU
		{06500F80-C3B5-422A-A9EA-FC3398C22687}.Debug|Any CPU.ActiveCfg = Debug|Any CPU
		{06500F80-C3B5-422A-A9EA-FC3398C22687}.Debug|Any CPU.Build.0 = Debug|Any CPU
		{06500F80-C3B5-422A-A9EA-FC3398C22687}.Release|Any CPU.ActiveCfg = Release|Any CPU
		{06500F80-C3B5-422A-A9EA-FC3398C22687}.Release|Any CPU.Build.0 = Release|Any CPU
		{F96CC881-3E3D-44C1-9C36-3A204EB8925F}.Debug|Any CPU.ActiveCfg = Debug|Any CPU
		{F96CC881-3E3D-44C1-9C36-3A204EB8925F}.Debug|Any CPU.Build.0 = Debug|Any CPU
		{F96CC881-3E3D-44C1-9C36-3A204EB8925F}.Release|Any CPU.ActiveCfg = Release|Any CPU
		{F96CC881-3E3D-44C1-9C36-3A204EB8925F}.Release|Any CPU.Build.0 = Release|Any CPU
		{E1325179-2BC3-4777-BACA-5C6837D0E3EE}.Debug|Any CPU.ActiveCfg = Debug|Any CPU
		{E1325179-2BC3-4777-BACA-5C6837D0E3EE}.Debug|Any CPU.Build.0 = Debug|Any CPU
		{E1325179-2BC3-4777-BACA-5C6837D0E3EE}.Release|Any CPU.ActiveCfg = Release|Any CPU
		{E1325179-2BC3-4777-BACA-5C6837D0E3EE}.Release|Any CPU.Build.0 = Release|Any CPU
		{73008C38-9C0F-4A7A-AE93-A67B2A9CCD62}.Debug|Any CPU.ActiveCfg = Debug|Any CPU
		{73008C38-9C0F-4A7A-AE93-A67B2A9CCD62}.Debug|Any CPU.Build.0 = Debug|Any CPU
		{73008C38-9C0F-4A7A-AE93-A67B2A9CCD62}.Release|Any CPU.ActiveCfg = Release|Any CPU
		{73008C38-9C0F-4A7A-AE93-A67B2A9CCD62}.Release|Any CPU.Build.0 = Release|Any CPU
		{929C8499-5872-4DB4-B4EE-FCBEC1EE5F5D}.Debug|Any CPU.ActiveCfg = Debug|Any CPU
		{929C8499-5872-4DB4-B4EE-FCBEC1EE5F5D}.Debug|Any CPU.Build.0 = Debug|Any CPU
		{929C8499-5872-4DB4-B4EE-FCBEC1EE5F5D}.Release|Any CPU.ActiveCfg = Release|Any CPU
		{929C8499-5872-4DB4-B4EE-FCBEC1EE5F5D}.Release|Any CPU.Build.0 = Release|Any CPU
		{5F7F2310-F038-478F-BB5D-027C9CACEB29}.Debug|Any CPU.ActiveCfg = Debug|Any CPU
		{5F7F2310-F038-478F-BB5D-027C9CACEB29}.Debug|Any CPU.Build.0 = Debug|Any CPU
		{5F7F2310-F038-478F-BB5D-027C9CACEB29}.Release|Any CPU.ActiveCfg = Release|Any CPU
		{5F7F2310-F038-478F-BB5D-027C9CACEB29}.Release|Any CPU.Build.0 = Release|Any CPU
		{12123D9D-78C8-421A-8059-6447D04BB0CD}.Debug|Any CPU.ActiveCfg = Debug|Any CPU
		{12123D9D-78C8-421A-8059-6447D04BB0CD}.Debug|Any CPU.Build.0 = Debug|Any CPU
		{12123D9D-78C8-421A-8059-6447D04BB0CD}.Release|Any CPU.ActiveCfg = Release|Any CPU
		{12123D9D-78C8-421A-8059-6447D04BB0CD}.Release|Any CPU.Build.0 = Release|Any CPU
		{7BC8E5E3-A465-428C-B50D-3BB227CA8BAB}.Debug|Any CPU.ActiveCfg = Debug|Any CPU
		{7BC8E5E3-A465-428C-B50D-3BB227CA8BAB}.Debug|Any CPU.Build.0 = Debug|Any CPU
		{7BC8E5E3-A465-428C-B50D-3BB227CA8BAB}.Release|Any CPU.ActiveCfg = Release|Any CPU
		{7BC8E5E3-A465-428C-B50D-3BB227CA8BAB}.Release|Any CPU.Build.0 = Release|Any CPU
		{239BF34F-7CF2-4084-B421-7AD6A1931A0E}.Debug|Any CPU.ActiveCfg = Debug|Any CPU
		{239BF34F-7CF2-4084-B421-7AD6A1931A0E}.Debug|Any CPU.Build.0 = Debug|Any CPU
		{239BF34F-7CF2-4084-B421-7AD6A1931A0E}.Release|Any CPU.ActiveCfg = Release|Any CPU
		{239BF34F-7CF2-4084-B421-7AD6A1931A0E}.Release|Any CPU.Build.0 = Release|Any CPU
		{70551D32-44C9-4719-8A9F-1DD6D9484DC5}.Debug|Any CPU.ActiveCfg = Debug|Any CPU
		{70551D32-44C9-4719-8A9F-1DD6D9484DC5}.Debug|Any CPU.Build.0 = Debug|Any CPU
		{70551D32-44C9-4719-8A9F-1DD6D9484DC5}.Release|Any CPU.ActiveCfg = Release|Any CPU
		{70551D32-44C9-4719-8A9F-1DD6D9484DC5}.Release|Any CPU.Build.0 = Release|Any CPU
		{A1AE7A40-9665-460C-B2C1-8C91EB5E0384}.Debug|Any CPU.ActiveCfg = Debug|Any CPU
		{A1AE7A40-9665-460C-B2C1-8C91EB5E0384}.Debug|Any CPU.Build.0 = Debug|Any CPU
		{A1AE7A40-9665-460C-B2C1-8C91EB5E0384}.Release|Any CPU.ActiveCfg = Release|Any CPU
		{A1AE7A40-9665-460C-B2C1-8C91EB5E0384}.Release|Any CPU.Build.0 = Release|Any CPU
		{ACEE7D2D-2017-42C1-A44F-F1EF9B278D08}.Debug|Any CPU.ActiveCfg = Debug|Any CPU
		{ACEE7D2D-2017-42C1-A44F-F1EF9B278D08}.Debug|Any CPU.Build.0 = Debug|Any CPU
		{ACEE7D2D-2017-42C1-A44F-F1EF9B278D08}.Release|Any CPU.ActiveCfg = Release|Any CPU
		{ACEE7D2D-2017-42C1-A44F-F1EF9B278D08}.Release|Any CPU.Build.0 = Release|Any CPU
	EndGlobalSection
	GlobalSection(SolutionProperties) = preSolution
		HideSolutionNode = FALSE
	EndGlobalSection
	GlobalSection(NestedProjects) = preSolution
		{AEA46CE9-6C79-415B-9753-847CBB6A11CF} = {D2436E01-3827-45A5-8871-26C0FC75A35F}
		{8C0A6B63-D9C5-45DF-A4D0-90484C1A0D36} = {D2436E01-3827-45A5-8871-26C0FC75A35F}
		{38F002D1-3A40-4733-9738-7C81C170E41E} = {D2436E01-3827-45A5-8871-26C0FC75A35F}
		{5B81B82B-0EE1-434C-B0B4-C1984D5C8422} = {D2436E01-3827-45A5-8871-26C0FC75A35F}
		{06500F80-C3B5-422A-A9EA-FC3398C22687} = {D2436E01-3827-45A5-8871-26C0FC75A35F}
		{F96CC881-3E3D-44C1-9C36-3A204EB8925F} = {D2436E01-3827-45A5-8871-26C0FC75A35F}
		{E1325179-2BC3-4777-BACA-5C6837D0E3EE} = {042BC1F1-81B5-4340-86E7-3C7CCC6A760F}
		{73008C38-9C0F-4A7A-AE93-A67B2A9CCD62} = {042BC1F1-81B5-4340-86E7-3C7CCC6A760F}
		{929C8499-5872-4DB4-B4EE-FCBEC1EE5F5D} = {042BC1F1-81B5-4340-86E7-3C7CCC6A760F}
		{5F7F2310-F038-478F-BB5D-027C9CACEB29} = {042BC1F1-81B5-4340-86E7-3C7CCC6A760F}
		{12123D9D-78C8-421A-8059-6447D04BB0CD} = {042BC1F1-81B5-4340-86E7-3C7CCC6A760F}
		{7BC8E5E3-A465-428C-B50D-3BB227CA8BAB} = {884FC729-3ED8-4AFE-8B51-555618A0C525}
		{239BF34F-7CF2-4084-B421-7AD6A1931A0E} = {884FC729-3ED8-4AFE-8B51-555618A0C525}
		{70551D32-44C9-4719-8A9F-1DD6D9484DC5} = {884FC729-3ED8-4AFE-8B51-555618A0C525}
		{A1AE7A40-9665-460C-B2C1-8C91EB5E0384} = {884FC729-3ED8-4AFE-8B51-555618A0C525}
		{ACEE7D2D-2017-42C1-A44F-F1EF9B278D08} = {884FC729-3ED8-4AFE-8B51-555618A0C525}
	EndGlobalSection
	GlobalSection(ExtensibilityGlobals) = postSolution
		SolutionGuid = {76165F25-9D01-4B85-8D2B-210EBFBF6F94}
	EndGlobalSection
EndGlobal
